
Microsoft Visual Studio Solution File, Format Version 12.00
# Visual Studio Version 17
VisualStudioVersion = 17.1.32421.90
MinimumVisualStudioVersion = 10.0.40219.1
Project("{778DAE3C-4631-46EA-AA77-85C1314464D9}") = "Effluvium", "Effluvium\Effluvium.vbproj", "{ACF64B5D-D2FE-459F-815F-442CAF2A9203}"
EndProject
Project("{778DAE3C-4631-46EA-AA77-85C1314464D9}") = "Effluvium.UI", "Effluvium.UI\Effluvium.UI.vbproj", "{4BEFB0AC-1603-4F67-972D-AAB14599156B}"
EndProject
Project("{778DAE3C-4631-46EA-AA77-85C1314464D9}") = "Effluvium.UI.Tests", "Effluvium.UI.Tests\Effluvium.UI.Tests.vbproj", "{C9827E98-4E22-4FC1-8FAA-9642D354FF41}"
EndProject
Project("{2150E333-8FDC-42A3-9474-1A3956D46DE8}") = "Stuff", "Stuff", "{3B4186EC-5D61-4129-8EEC-7AF6981A3389}"
	ProjectSection(SolutionItems) = preProject
		..\README.md = ..\README.md
		..\shippit.sh = ..\shippit.sh
	EndProjectSection
EndProject
Project("{778DAE3C-4631-46EA-AA77-85C1314464D9}") = "Effluvium.Game", "Effluvium.Game\Effluvium.Game.vbproj", "{BBC3110B-6482-4F33-BFD9-6B31E5FF3691}"
EndProject
Project("{778DAE3C-4631-46EA-AA77-85C1314464D9}") = "Effluvium.Game.Tests", "Effluvium.Game.Tests\Effluvium.Game.Tests.vbproj", "{8F1FE74F-5BF4-4C5E-B9D7-A7BDA07CF773}"
EndProject
Project("{F184B08F-C81C-45F6-A57F-5ABD9991F28F}") = "Effluvium.Data", "Effluvium.Data\Effluvium.Data.vbproj", "{1C98CB56-6D8E-47AC-A728-93B0D9D3C847}"
EndProject
Project("{778DAE3C-4631-46EA-AA77-85C1314464D9}") = "SPLORR.Data", "SPLORR.Data\SPLORR.Data.vbproj", "{40EFD22B-7D9C-417D-86D0-099F0C5018B0}"
EndProject
Project("{F184B08F-C81C-45F6-A57F-5ABD9991F28F}") = "Effluvium.Data.Tests", "Effluvium.Data.Tests\Effluvium.Data.Tests.vbproj", "{F6B3A644-9775-4052-80D2-5C78A80D6509}"
EndProject
Project("{778DAE3C-4631-46EA-AA77-85C1314464D9}") = "SPLORR.Game", "SPLORR.Game\SPLORR.Game.vbproj", "{5006C293-FC2E-4B3B-9B76-B22D9E049C56}"
EndProject
Project("{2150E333-8FDC-42A3-9474-1A3956D46DE8}") = "Common", "Common", "{3AF7C18E-67E9-450A-A783-81D5325CBD8E}"
EndProject
Project("{2150E333-8FDC-42A3-9474-1A3956D46DE8}") = "Data", "Data", "{B117B53E-BEC9-44E4-98C3-B726391F090F}"
EndProject
Project("{2150E333-8FDC-42A3-9474-1A3956D46DE8}") = "Game", "Game", "{E2A3E212-A2F2-4143-A54A-77212352C208}"
EndProject
Project("{2150E333-8FDC-42A3-9474-1A3956D46DE8}") = "Ui", "Ui", "{9E1510D9-EAC4-41A4-AE5B-00AA0FDB91F7}"
EndProject
Global
	GlobalSection(SolutionConfigurationPlatforms) = preSolution
		Debug|Any CPU = Debug|Any CPU
		Release|Any CPU = Release|Any CPU
	EndGlobalSection
	GlobalSection(ProjectConfigurationPlatforms) = postSolution
		{ACF64B5D-D2FE-459F-815F-442CAF2A9203}.Debug|Any CPU.ActiveCfg = Debug|Any CPU
		{ACF64B5D-D2FE-459F-815F-442CAF2A9203}.Debug|Any CPU.Build.0 = Debug|Any CPU
		{ACF64B5D-D2FE-459F-815F-442CAF2A9203}.Release|Any CPU.ActiveCfg = Release|Any CPU
		{ACF64B5D-D2FE-459F-815F-442CAF2A9203}.Release|Any CPU.Build.0 = Release|Any CPU
		{4BEFB0AC-1603-4F67-972D-AAB14599156B}.Debug|Any CPU.ActiveCfg = Debug|Any CPU
		{4BEFB0AC-1603-4F67-972D-AAB14599156B}.Debug|Any CPU.Build.0 = Debug|Any CPU
		{4BEFB0AC-1603-4F67-972D-AAB14599156B}.Release|Any CPU.ActiveCfg = Release|Any CPU
		{4BEFB0AC-1603-4F67-972D-AAB14599156B}.Release|Any CPU.Build.0 = Release|Any CPU
		{C9827E98-4E22-4FC1-8FAA-9642D354FF41}.Debug|Any CPU.ActiveCfg = Debug|Any CPU
		{C9827E98-4E22-4FC1-8FAA-9642D354FF41}.Debug|Any CPU.Build.0 = Debug|Any CPU
		{C9827E98-4E22-4FC1-8FAA-9642D354FF41}.Release|Any CPU.ActiveCfg = Release|Any CPU
		{C9827E98-4E22-4FC1-8FAA-9642D354FF41}.Release|Any CPU.Build.0 = Release|Any CPU
		{BBC3110B-6482-4F33-BFD9-6B31E5FF3691}.Debug|Any CPU.ActiveCfg = Debug|Any CPU
		{BBC3110B-6482-4F33-BFD9-6B31E5FF3691}.Debug|Any CPU.Build.0 = Debug|Any CPU
		{BBC3110B-6482-4F33-BFD9-6B31E5FF3691}.Release|Any CPU.ActiveCfg = Release|Any CPU
		{BBC3110B-6482-4F33-BFD9-6B31E5FF3691}.Release|Any CPU.Build.0 = Release|Any CPU
		{8F1FE74F-5BF4-4C5E-B9D7-A7BDA07CF773}.Debug|Any CPU.ActiveCfg = Debug|Any CPU
		{8F1FE74F-5BF4-4C5E-B9D7-A7BDA07CF773}.Debug|Any CPU.Build.0 = Debug|Any CPU
		{8F1FE74F-5BF4-4C5E-B9D7-A7BDA07CF773}.Release|Any CPU.ActiveCfg = Release|Any CPU
		{8F1FE74F-5BF4-4C5E-B9D7-A7BDA07CF773}.Release|Any CPU.Build.0 = Release|Any CPU
		{1C98CB56-6D8E-47AC-A728-93B0D9D3C847}.Debug|Any CPU.ActiveCfg = Debug|Any CPU
		{1C98CB56-6D8E-47AC-A728-93B0D9D3C847}.Debug|Any CPU.Build.0 = Debug|Any CPU
		{1C98CB56-6D8E-47AC-A728-93B0D9D3C847}.Release|Any CPU.ActiveCfg = Release|Any CPU
		{1C98CB56-6D8E-47AC-A728-93B0D9D3C847}.Release|Any CPU.Build.0 = Release|Any CPU
		{40EFD22B-7D9C-417D-86D0-099F0C5018B0}.Debug|Any CPU.ActiveCfg = Debug|Any CPU
		{40EFD22B-7D9C-417D-86D0-099F0C5018B0}.Debug|Any CPU.Build.0 = Debug|Any CPU
		{40EFD22B-7D9C-417D-86D0-099F0C5018B0}.Release|Any CPU.ActiveCfg = Release|Any CPU
		{40EFD22B-7D9C-417D-86D0-099F0C5018B0}.Release|Any CPU.Build.0 = Release|Any CPU
		{F6B3A644-9775-4052-80D2-5C78A80D6509}.Debug|Any CPU.ActiveCfg = Debug|Any CPU
		{F6B3A644-9775-4052-80D2-5C78A80D6509}.Debug|Any CPU.Build.0 = Debug|Any CPU
		{F6B3A644-9775-4052-80D2-5C78A80D6509}.Release|Any CPU.ActiveCfg = Release|Any CPU
		{F6B3A644-9775-4052-80D2-5C78A80D6509}.Release|Any CPU.Build.0 = Release|Any CPU
		{5006C293-FC2E-4B3B-9B76-B22D9E049C56}.Debug|Any CPU.ActiveCfg = Debug|Any CPU
		{5006C293-FC2E-4B3B-9B76-B22D9E049C56}.Debug|Any CPU.Build.0 = Debug|Any CPU
		{5006C293-FC2E-4B3B-9B76-B22D9E049C56}.Release|Any CPU.ActiveCfg = Release|Any CPU
		{5006C293-FC2E-4B3B-9B76-B22D9E049C56}.Release|Any CPU.Build.0 = Release|Any CPU
	EndGlobalSection
	GlobalSection(SolutionProperties) = preSolution
		HideSolutionNode = FALSE
	EndGlobalSection
	GlobalSection(NestedProjects) = preSolution
		{4BEFB0AC-1603-4F67-972D-AAB14599156B} = {9E1510D9-EAC4-41A4-AE5B-00AA0FDB91F7}
		{C9827E98-4E22-4FC1-8FAA-9642D354FF41} = {9E1510D9-EAC4-41A4-AE5B-00AA0FDB91F7}
		{BBC3110B-6482-4F33-BFD9-6B31E5FF3691} = {E2A3E212-A2F2-4143-A54A-77212352C208}
		{8F1FE74F-5BF4-4C5E-B9D7-A7BDA07CF773} = {E2A3E212-A2F2-4143-A54A-77212352C208}
		{1C98CB56-6D8E-47AC-A728-93B0D9D3C847} = {B117B53E-BEC9-44E4-98C3-B726391F090F}
		{40EFD22B-7D9C-417D-86D0-099F0C5018B0} = {3AF7C18E-67E9-450A-A783-81D5325CBD8E}
		{F6B3A644-9775-4052-80D2-5C78A80D6509} = {B117B53E-BEC9-44E4-98C3-B726391F090F}
		{5006C293-FC2E-4B3B-9B76-B22D9E049C56} = {3AF7C18E-67E9-450A-A783-81D5325CBD8E}
	EndGlobalSection
	GlobalSection(ExtensibilityGlobals) = postSolution
		SolutionGuid = {F0198308-7D8E-4A79-A853-BEC13A17C65B}
	EndGlobalSection
EndGlobal
